{"1.2.0",
[{<<"brod">>,{pkg,<<"brod">>,<<"4.3.2">>},0},
 {<<"canal">>,
  {git,"https://github.com/valitydev/canal",
       {ref,"621d3821cd0a6036fee75d8e3b2d17167f3268e4"}},
  1},
 {<<"crc32cer">>,{pkg,<<"crc32cer">>,<<"0.1.11">>},2},
 {<<"epg_connector">>,
  {git,"https://github.com/valitydev/epg_connector.git",
       {ref,"35a7480b298ac4318352a03824ce06619b75f9da"}},
  0},
 {<<"epgsql">>,
  {git,"https://github.com/epgsql/epgsql.git",
       {ref,"7ba52768cf0ea7d084df24d4275a88eef4db13c2"}},
  1},
 {<<"jsone">>,{pkg,<<"jsone">>,<<"1.8.0">>},2},
 {<<"jsx">>,{pkg,<<"jsx">>,<<"3.1.0">>},1},
 {<<"kafka_protocol">>,{pkg,<<"kafka_protocol">>,<<"4.1.10">>},1},
 {<<"mg_proto">>,
  {git,"https://github.com/valitydev/machinegun-proto.git",
       {ref,"3decc8f8b13c9cd1701deab47781aacddd7dbc92"}},
  0},
 {<<"prometheus">>,{pkg,<<"prometheus">>,<<"4.11.0">>},0},
 {<<"quantile_estimator">>,{pkg,<<"quantile_estimator">>,<<"0.2.1">>},1},
 {<<"thrift">>,
  {git,"https://github.com/valitydev/thrift_erlang.git",
       {ref,"3a60e5dc5bbd709495024f26e100b041c3547fd9"}},
  0}]}.
[
{pkg_hash,[
 {<<"brod">>, <<"51F4DFF17ED43A806558EBD62CC88E7B35AED336D1BA1F3DE2D010F463D49736">>},
 {<<"crc32cer">>, <<"B550DA6D615FEB72A882D15D020F8F7DEE72DFB2CB1BCDF3B1EE8DC2AFD68CFC">>},
 {<<"jsone">>, <<"347FF1FA700E182E1F9C5012FA6D737B12C854313B9AE6954CA75D3987D6C06D">>},
 {<<"jsx">>, <<"D12516BAA0BB23A59BB35DCCAF02A1BD08243FCBB9EFE24F2D9D056CCFF71268">>},
 {<<"kafka_protocol">>, <<"F917B6C90C8DF0DE2B40A87D6B9AE1CFCE7788E91A65818E90E40CF76111097A">>},
 {<<"prometheus">>, <<"B95F8DE8530F541BD95951E18E355A840003672E5EDA4788C5FA6183406BA29A">>},
 {<<"quantile_estimator">>, <<"EF50A361F11B5F26B5F16D0696E46A9E4661756492C981F7B2229EF42FF1CD15">>}]},
{pkg_hash_ext,[
 {<<"brod">>, <<"88584FDEBA746AA6729E2A1826416C10899954F68AF93659B3C2F38A2DCAA27C">>},
 {<<"crc32cer">>, <<"A39B8F0B1990AC1BF06C3A247FC6A178B740CDFC33C3B53688DC7DD6B1855942">>},
 {<<"jsone">>, <<"08560B78624A12E0B5E7EC0271EC8CA38EF51F63D84D84843473E14D9B12618C">>},
 {<<"jsx">>, <<"0C5CC8FDC11B53CC25CF65AC6705AD39E54ECC56D1C22E4ADB8F5A53FB9427F3">>},
 {<<"kafka_protocol">>, <<"DF680A3706EAD8695F8B306897C0A33E8063C690DA9308DB87B462CFD7029D04">>},
 {<<"prometheus">>, <<"719862351AABF4DF7079B05DC085D2BBCBE3AC0AC3009E956671B1D5AB88247D">>},
 {<<"quantile_estimator">>, <<"282A8A323CA2A845C9E6F787D166348F776C1D4A41EDE63046D72D422E3DA946">>}]}
].
